
Microsoft Visual Studio Solution File, Format Version 11.00
# Visual Studio 2010
Project("{FAE04EC0-301F-11D3-BF4B-00C04F79EFBC}") = "ServerApplication", "ServerApplication\ServerApplication.csproj", "{3BF4370F-E853-40E2-ADE1-E843296B1675}"
EndProject
Global
	GlobalSection(SolutionConfigurationPlatforms) = preSolution
		Debug|Any CPU = Debug|Any CPU
		Release|Any CPU = Release|Any CPU
	EndGlobalSection
	GlobalSection(ProjectConfigurationPlatforms) = postSolution
		{3BF4370F-E853-40E2-ADE1-E843296B1675}.Debug|Any CPU.ActiveCfg = Debug|Any CPU
		{3BF4370F-E853-40E2-ADE1-E843296B1675}.Debug|Any CPU.Build.0 = Debug|Any CPU
		{3BF4370F-E853-40E2-ADE1-E843296B1675}.Release|Any CPU.ActiveCfg = Release|Any CPU
		{3BF4370F-E853-40E2-ADE1-E843296B1675}.Release|Any CPU.Build.0 = Release|Any CPU
	EndGlobalSection
	GlobalSection(SolutionProperties) = preSolution
		HideSolutionNode = FALSE
	EndGlobalSection
EndGlobal
